
Microsoft Visual Studio Solution File, Format Version 12.00
# Visual Studio Version 17
VisualStudioVersion = 17.5.33502.453
MinimumVisualStudioVersion = 10.0.40219.1
Project("{9A19103F-16F7-4668-BE54-9A1E7A4F7556}") = "GungeonAlly.WebScraper", "GungeonAlly.WebScraper\GungeonAlly.WebScraper.csproj", "{5FABAC71-7E1C-4195-9028-65E71361EAB0}"
EndProject
Project("{9A19103F-16F7-4668-BE54-9A1E7A4F7556}") = "GungeonAlly.Model", "GungeonAlly.Model\GungeonAlly.Model.csproj", "{A525D77B-83B6-4B0B-9AFD-017FF5140C7B}"
EndProject
Project("{9A19103F-16F7-4668-BE54-9A1E7A4F7556}") = "GungeonAlly.WebApp", "GungeonAlly.WebApp\GungeonAlly.WebApp.csproj", "{59A54757-95FB-4DBD-835C-D63C9ACCC93E}"
EndProject
Project("{9A19103F-16F7-4668-BE54-9A1E7A4F7556}") = "GungeonAlly.DatabaseCore", "GungeonAlly.DatabaseCore\GungeonAlly.DatabaseCore.csproj", "{3B900190-8BEA-4006-ADFE-5CDF1470B6A7}"
EndProject
Project("{9A19103F-16F7-4668-BE54-9A1E7A4F7556}") = "GungeonAlly.Database", "GungeonAlly.Database\GungeonAlly.Database.csproj", "{55991A07-DDB3-43C6-AF11-25346600330B}"
EndProject
Global
	GlobalSection(SolutionConfigurationPlatforms) = preSolution
		Debug|Any CPU = Debug|Any CPU
		Release|Any CPU = Release|Any CPU
	EndGlobalSection
	GlobalSection(ProjectConfigurationPlatforms) = postSolution
		{5FABAC71-7E1C-4195-9028-65E71361EAB0}.Debug|Any CPU.ActiveCfg = Debug|Any CPU
		{5FABAC71-7E1C-4195-9028-65E71361EAB0}.Debug|Any CPU.Build.0 = Debug|Any CPU
		{5FABAC71-7E1C-4195-9028-65E71361EAB0}.Release|Any CPU.ActiveCfg = Release|Any CPU
		{5FABAC71-7E1C-4195-9028-65E71361EAB0}.Release|Any CPU.Build.0 = Release|Any CPU
		{A525D77B-83B6-4B0B-9AFD-017FF5140C7B}.Debug|Any CPU.ActiveCfg = Debug|Any CPU
		{A525D77B-83B6-4B0B-9AFD-017FF5140C7B}.Debug|Any CPU.Build.0 = Debug|Any CPU
		{A525D77B-83B6-4B0B-9AFD-017FF5140C7B}.Release|Any CPU.ActiveCfg = Release|Any CPU
		{A525D77B-83B6-4B0B-9AFD-017FF5140C7B}.Release|Any CPU.Build.0 = Release|Any CPU
		{59A54757-95FB-4DBD-835C-D63C9ACCC93E}.Debug|Any CPU.ActiveCfg = Debug|Any CPU
		{59A54757-95FB-4DBD-835C-D63C9ACCC93E}.Debug|Any CPU.Build.0 = Debug|Any CPU
		{59A54757-95FB-4DBD-835C-D63C9ACCC93E}.Release|Any CPU.ActiveCfg = Release|Any CPU
		{59A54757-95FB-4DBD-835C-D63C9ACCC93E}.Release|Any CPU.Build.0 = Release|Any CPU
		{3B900190-8BEA-4006-ADFE-5CDF1470B6A7}.Debug|Any CPU.ActiveCfg = Debug|Any CPU
		{3B900190-8BEA-4006-ADFE-5CDF1470B6A7}.Debug|Any CPU.Build.0 = Debug|Any CPU
		{3B900190-8BEA-4006-ADFE-5CDF1470B6A7}.Release|Any CPU.ActiveCfg = Release|Any CPU
		{3B900190-8BEA-4006-ADFE-5CDF1470B6A7}.Release|Any CPU.Build.0 = Release|Any CPU
		{55991A07-DDB3-43C6-AF11-25346600330B}.Debug|Any CPU.ActiveCfg = Debug|Any CPU
		{55991A07-DDB3-43C6-AF11-25346600330B}.Debug|Any CPU.Build.0 = Debug|Any CPU
		{55991A07-DDB3-43C6-AF11-25346600330B}.Release|Any CPU.ActiveCfg = Release|Any CPU
		{55991A07-DDB3-43C6-AF11-25346600330B}.Release|Any CPU.Build.0 = Release|Any CPU
	EndGlobalSection
	GlobalSection(SolutionProperties) = preSolution
		HideSolutionNode = FALSE
	EndGlobalSection
	GlobalSection(ExtensibilityGlobals) = postSolution
		SolutionGuid = {6C912C7D-AAA8-417D-82A0-0539B8FFDE1D}
	EndGlobalSection
EndGlobal
